
Microsoft Visual Studio Solution File, Format Version 12.00
# Visual Studio Version 17
VisualStudioVersion = 17.5.002.0
MinimumVisualStudioVersion = 10.0.40219.1
Project("{9A19103F-16F7-4668-BE54-9A1E7A4F7556}") = "Day-09", "Day-09.csproj", "{0B312955-20D9-4875-AB24-60023E8B4E85}"
EndProject
Global
	GlobalSection(SolutionConfigurationPlatforms) = preSolution
		Debug|Any CPU = Debug|Any CPU
		Release|Any CPU = Release|Any CPU
	EndGlobalSection
	GlobalSection(ProjectConfigurationPlatforms) = postSolution
		{0B312955-20D9-4875-AB24-60023E8B4E85}.Debug|Any CPU.ActiveCfg = Debug|Any CPU
		{0B312955-20D9-4875-AB24-60023E8B4E85}.Debug|Any CPU.Build.0 = Debug|Any CPU
		{0B312955-20D9-4875-AB24-60023E8B4E85}.Release|Any CPU.ActiveCfg = Release|Any CPU
		{0B312955-20D9-4875-AB24-60023E8B4E85}.Release|Any CPU.Build.0 = Release|Any CPU
	EndGlobalSection
	GlobalSection(SolutionProperties) = preSolution
		HideSolutionNode = FALSE
	EndGlobalSection
	GlobalSection(ExtensibilityGlobals) = postSolution
		SolutionGuid = {2830E548-FDDE-492C-8BF8-D5913F51345C}
	EndGlobalSection
EndGlobal
