
Microsoft Visual Studio Solution File, Format Version 12.00
# Visual Studio Version 17
VisualStudioVersion = 17.5.002.0
MinimumVisualStudioVersion = 10.0.40219.1
Project("{9A19103F-16F7-4668-BE54-9A1E7A4F7556}") = "Day-08", "Day-08.csproj", "{C998C896-C094-45D4-A4E2-5648EB6812E6}"
EndProject
Global
	GlobalSection(SolutionConfigurationPlatforms) = preSolution
		Debug|Any CPU = Debug|Any CPU
		Release|Any CPU = Release|Any CPU
	EndGlobalSection
	GlobalSection(ProjectConfigurationPlatforms) = postSolution
		{C998C896-C094-45D4-A4E2-5648EB6812E6}.Debug|Any CPU.ActiveCfg = Debug|Any CPU
		{C998C896-C094-45D4-A4E2-5648EB6812E6}.Debug|Any CPU.Build.0 = Debug|Any CPU
		{C998C896-C094-45D4-A4E2-5648EB6812E6}.Release|Any CPU.ActiveCfg = Release|Any CPU
		{C998C896-C094-45D4-A4E2-5648EB6812E6}.Release|Any CPU.Build.0 = Release|Any CPU
	EndGlobalSection
	GlobalSection(SolutionProperties) = preSolution
		HideSolutionNode = FALSE
	EndGlobalSection
	GlobalSection(ExtensibilityGlobals) = postSolution
		SolutionGuid = {9728C6ED-C022-47D8-9257-68A0A5BBCAC3}
	EndGlobalSection
EndGlobal
