Microsoft Visual Studio Solution File, Format Version 12.00
# Visual Studio Version 17
VisualStudioVersion = 17.5.2.0
MinimumVisualStudioVersion = 10.0.40219.1
Project("{FAE04EC0-301F-11D3-BF4B-00C04F79EFBC}") = "Day-05", "Day-05.csproj", "{430365FE-6880-5EF7-5980-6E5F2B64A0B3}"
EndProject
Global
	GlobalSection(SolutionConfigurationPlatforms) = preSolution
		Debug|Any CPU = Debug|Any CPU
		Release|Any CPU = Release|Any CPU
	EndGlobalSection
	GlobalSection(ProjectConfigurationPlatforms) = postSolution
		{430365FE-6880-5EF7-5980-6E5F2B64A0B3}.Debug|Any CPU.ActiveCfg = Debug|Any CPU
		{430365FE-6880-5EF7-5980-6E5F2B64A0B3}.Debug|Any CPU.Build.0 = Debug|Any CPU
		{430365FE-6880-5EF7-5980-6E5F2B64A0B3}.Release|Any CPU.ActiveCfg = Release|Any CPU
		{430365FE-6880-5EF7-5980-6E5F2B64A0B3}.Release|Any CPU.Build.0 = Release|Any CPU
	EndGlobalSection
	GlobalSection(SolutionProperties) = preSolution
		HideSolutionNode = FALSE
	EndGlobalSection
	GlobalSection(ExtensibilityGlobals) = postSolution
		SolutionGuid = {EAABA0DB-2B90-4BB8-9B34-1EB29F3091DE}
	EndGlobalSection
EndGlobal
