
Microsoft Visual Studio Solution File, Format Version 12.00
# Visual Studio Version 17
VisualStudioVersion = 17.5.002.0
MinimumVisualStudioVersion = 10.0.40219.1
Project("{9A19103F-16F7-4668-BE54-9A1E7A4F7556}") = "Tag_3", "Tag_3.csproj", "{F2123D11-DF2A-4E3E-8287-3D065D688640}"
EndProject
Global
	GlobalSection(SolutionConfigurationPlatforms) = preSolution
		Debug|Any CPU = Debug|Any CPU
		Release|Any CPU = Release|Any CPU
	EndGlobalSection
	GlobalSection(ProjectConfigurationPlatforms) = postSolution
		{F2123D11-DF2A-4E3E-8287-3D065D688640}.Debug|Any CPU.ActiveCfg = Debug|Any CPU
		{F2123D11-DF2A-4E3E-8287-3D065D688640}.Debug|Any CPU.Build.0 = Debug|Any CPU
		{F2123D11-DF2A-4E3E-8287-3D065D688640}.Release|Any CPU.ActiveCfg = Release|Any CPU
		{F2123D11-DF2A-4E3E-8287-3D065D688640}.Release|Any CPU.Build.0 = Release|Any CPU
	EndGlobalSection
	GlobalSection(SolutionProperties) = preSolution
		HideSolutionNode = FALSE
	EndGlobalSection
	GlobalSection(ExtensibilityGlobals) = postSolution
		SolutionGuid = {253E2F6E-F90A-418D-BB7F-C709D233894F}
	EndGlobalSection
EndGlobal
