
Microsoft Visual Studio Solution File, Format Version 12.00
# Visual Studio Version 17
VisualStudioVersion = 17.5.002.0
MinimumVisualStudioVersion = 10.0.40219.1
Project("{9A19103F-16F7-4668-BE54-9A1E7A4F7556}") = "Day_9", "Day_9.csproj", "{169E6C45-768F-45E9-BAA6-D5F40BBCB864}"
EndProject
Global
	GlobalSection(SolutionConfigurationPlatforms) = preSolution
		Debug|Any CPU = Debug|Any CPU
		Release|Any CPU = Release|Any CPU
	EndGlobalSection
	GlobalSection(ProjectConfigurationPlatforms) = postSolution
		{169E6C45-768F-45E9-BAA6-D5F40BBCB864}.Debug|Any CPU.ActiveCfg = Debug|Any CPU
		{169E6C45-768F-45E9-BAA6-D5F40BBCB864}.Debug|Any CPU.Build.0 = Debug|Any CPU
		{169E6C45-768F-45E9-BAA6-D5F40BBCB864}.Release|Any CPU.ActiveCfg = Release|Any CPU
		{169E6C45-768F-45E9-BAA6-D5F40BBCB864}.Release|Any CPU.Build.0 = Release|Any CPU
	EndGlobalSection
	GlobalSection(SolutionProperties) = preSolution
		HideSolutionNode = FALSE
	EndGlobalSection
	GlobalSection(ExtensibilityGlobals) = postSolution
		SolutionGuid = {40E1B5E8-F1A8-4746-A85A-2E97D56965C4}
	EndGlobalSection
EndGlobal
