Microsoft Visual Studio Solution File, Format Version 12.00
# Visual Studio Version 17
VisualStudioVersion = 17.5.2.0
MinimumVisualStudioVersion = 10.0.40219.1
Project("{FAE04EC0-301F-11D3-BF4B-00C04F79EFBC}") = "Day-04", "Day-04.csproj", "{772689B8-0B76-7F38-A01B-48E965039327}"
EndProject
Global
	GlobalSection(SolutionConfigurationPlatforms) = preSolution
		Debug|Any CPU = Debug|Any CPU
		Release|Any CPU = Release|Any CPU
	EndGlobalSection
	GlobalSection(ProjectConfigurationPlatforms) = postSolution
		{772689B8-0B76-7F38-A01B-48E965039327}.Debug|Any CPU.ActiveCfg = Debug|Any CPU
		{772689B8-0B76-7F38-A01B-48E965039327}.Debug|Any CPU.Build.0 = Debug|Any CPU
		{772689B8-0B76-7F38-A01B-48E965039327}.Release|Any CPU.ActiveCfg = Release|Any CPU
		{772689B8-0B76-7F38-A01B-48E965039327}.Release|Any CPU.Build.0 = Release|Any CPU
	EndGlobalSection
	GlobalSection(SolutionProperties) = preSolution
		HideSolutionNode = FALSE
	EndGlobalSection
	GlobalSection(ExtensibilityGlobals) = postSolution
		SolutionGuid = {1E3BA539-4D8A-464A-91EE-54B60FB2AC67}
	EndGlobalSection
EndGlobal
